
Microsoft Visual Studio Solution File, Format Version 12.00
# Visual Studio Version 17
VisualStudioVersion = 17.4.33103.184
MinimumVisualStudioVersion = 10.0.40219.1
Project("{FAE04EC0-301F-11D3-BF4B-00C04F79EFBC}") = "gitapp", "gitapp\gitapp.csproj", "{FAF5B2A5-FBF6-495D-ABDF-451DE8163030}"
EndProject
Global
	GlobalSection(SolutionConfigurationPlatforms) = preSolution
		Debug|Any CPU = Debug|Any CPU
		Release|Any CPU = Release|Any CPU
	EndGlobalSection
	GlobalSection(ProjectConfigurationPlatforms) = postSolution
		{FAF5B2A5-FBF6-495D-ABDF-451DE8163030}.Debug|Any CPU.ActiveCfg = Debug|Any CPU
		{FAF5B2A5-FBF6-495D-ABDF-451DE8163030}.Debug|Any CPU.Build.0 = Debug|Any CPU
		{FAF5B2A5-FBF6-495D-ABDF-451DE8163030}.Release|Any CPU.ActiveCfg = Release|Any CPU
		{FAF5B2A5-FBF6-495D-ABDF-451DE8163030}.Release|Any CPU.Build.0 = Release|Any CPU
	EndGlobalSection
	GlobalSection(SolutionProperties) = preSolution
		HideSolutionNode = FALSE
	EndGlobalSection
	GlobalSection(ExtensibilityGlobals) = postSolution
		SolutionGuid = {DCD6FA53-3A2A-49B1-BDC1-35CD51B03F62}
	EndGlobalSection
EndGlobal
